// !$*UTF8*$!
{
	archiveVersion = 1;
	classes = {
	};
	objectVersion = 56;
	objects = {

/* Begin PBXBuildFile section */
		2586819A2C849CC9000905E2 /* Booster_iOSApp.swift in Sources */ = {isa = PBXBuildFile; fileRef = 258681992C849CC9000905E2 /* Booster_iOSApp.swift */; };
		2586819E2C849CCC000905E2 /* Assets.xcassets in Resources */ = {isa = PBXBuildFile; fileRef = 2586819D2C849CCC000905E2 /* Assets.xcassets */; };
		258681A12C849CCC000905E2 /* Preview Assets.xcassets in Resources */ = {isa = PBXBuildFile; fileRef = 258681A02C849CCC000905E2 /* Preview Assets.xcassets */; };
		258681AB2C849D15000905E2 /* MyDesignSystem in Frameworks */ = {isa = PBXBuildFile; productRef = 258681AA2C849D15000905E2 /* MyDesignSystem */; };
		258681AD2C849D15000905E2 /* MyMoya in Frameworks */ = {isa = PBXBuildFile; productRef = 258681AC2C849D15000905E2 /* MyMoya */; };
		258681AF2C849D15000905E2 /* MyShared in Frameworks */ = {isa = PBXBuildFile; productRef = 258681AE2C849D15000905E2 /* MyShared */; };
		258681B22C849DCA000905E2 /* MainView.swift in Sources */ = {isa = PBXBuildFile; fileRef = 258681B12C849DCA000905E2 /* MainView.swift */; };
		258681B52C849DDB000905E2 /* SignInView.swift in Sources */ = {isa = PBXBuildFile; fileRef = 258681B42C849DDB000905E2 /* SignInView.swift */; };
		258681B82C849E3B000905E2 /* GoogleSignIn in Frameworks */ = {isa = PBXBuildFile; productRef = 258681B72C849E3B000905E2 /* GoogleSignIn */; };
		258681BA2C849E3B000905E2 /* GoogleSignInSwift in Frameworks */ = {isa = PBXBuildFile; productRef = 258681B92C849E3B000905E2 /* GoogleSignInSwift */; };
		258681BE2C849EE5000905E2 /* View+rootViewController.swift in Sources */ = {isa = PBXBuildFile; fileRef = 258681BD2C849EE5000905E2 /* View+rootViewController.swift */; };
		258681C32C84A0E1000905E2 /* Router.swift in Sources */ = {isa = PBXBuildFile; fileRef = 258681C22C84A0E1000905E2 /* Router.swift */; };
		258681C82C84A35D000905E2 /* UserDefaultsType.swift in Sources */ = {isa = PBXBuildFile; fileRef = 258681C72C84A35D000905E2 /* UserDefaultsType.swift */; };
		258681CC2C84A463000905E2 /* SignKit in Frameworks */ = {isa = PBXBuildFile; productRef = 258681CB2C84A463000905E2 /* SignKit */; };
		258681CF2C84A726000905E2 /* AppState.swift in Sources */ = {isa = PBXBuildFile; fileRef = 258681CE2C84A726000905E2 /* AppState.swift */; };
		258681D12C8527D0000905E2 /* AuthService.swift in Sources */ = {isa = PBXBuildFile; fileRef = 258681D02C8527D0000905E2 /* AuthService.swift */; };
		258681D42C8527FC000905E2 /* Models.swift in Sources */ = {isa = PBXBuildFile; fileRef = 258681D32C8527FC000905E2 /* Models.swift */; };
		258681D72C85286C000905E2 /* EndpointExt.swift in Sources */ = {isa = PBXBuildFile; fileRef = 258681D62C85286C000905E2 /* EndpointExt.swift */; };
		258681DA2C852901000905E2 /* Result.swift in Sources */ = {isa = PBXBuildFile; fileRef = 258681D92C852901000905E2 /* Result.swift */; };
		258681DC2C852935000905E2 /* ResponseProtocol.swift in Sources */ = {isa = PBXBuildFile; fileRef = 258681DB2C852935000905E2 /* ResponseProtocol.swift */; };
		258681DE2C852961000905E2 /* BaseRes.swift in Sources */ = {isa = PBXBuildFile; fileRef = 258681DD2C852961000905E2 /* BaseRes.swift */; };
		258681E12C8529BA000905E2 /* Service.swift in Sources */ = {isa = PBXBuildFile; fileRef = 258681E02C8529BA000905E2 /* Service.swift */; };
		258681E32C852A06000905E2 /* BaseVoidRes.swift in Sources */ = {isa = PBXBuildFile; fileRef = 258681E22C852A06000905E2 /* BaseVoidRes.swift */; };
		258681E52C852A0D000905E2 /* ErrorRes.swift in Sources */ = {isa = PBXBuildFile; fileRef = 258681E42C852A0D000905E2 /* ErrorRes.swift */; };
		258681E72C852D59000905E2 /* SignInObservable.swift in Sources */ = {isa = PBXBuildFile; fileRef = 258681E62C852D59000905E2 /* SignInObservable.swift */; };
		258681EC2C852DD0000905E2 /* BaseObservable.swift in Sources */ = {isa = PBXBuildFile; fileRef = 258681EB2C852DD0000905E2 /* BaseObservable.swift */; };
/* End PBXBuildFile section */

/* Begin PBXFileReference section */
		258681962C849CC9000905E2 /* Booster-iOS.app */ = {isa = PBXFileReference; explicitFileType = wrapper.application; includeInIndex = 0; path = "Booster-iOS.app"; sourceTree = BUILT_PRODUCTS_DIR; };
		258681992C849CC9000905E2 /* Booster_iOSApp.swift */ = {isa = PBXFileReference; lastKnownFileType = sourcecode.swift; path = Booster_iOSApp.swift; sourceTree = "<group>"; };
		2586819D2C849CCC000905E2 /* Assets.xcassets */ = {isa = PBXFileReference; lastKnownFileType = folder.assetcatalog; path = Assets.xcassets; sourceTree = "<group>"; };
		258681A02C849CCC000905E2 /* Preview Assets.xcassets */ = {isa = PBXFileReference; lastKnownFileType = folder.assetcatalog; path = "Preview Assets.xcassets"; sourceTree = "<group>"; };
		258681B12C849DCA000905E2 /* MainView.swift */ = {isa = PBXFileReference; lastKnownFileType = sourcecode.swift; path = MainView.swift; sourceTree = "<group>"; };
		258681B42C849DDB000905E2 /* SignInView.swift */ = {isa = PBXFileReference; lastKnownFileType = sourcecode.swift; path = SignInView.swift; sourceTree = "<group>"; };
		258681BD2C849EE5000905E2 /* View+rootViewController.swift */ = {isa = PBXFileReference; lastKnownFileType = sourcecode.swift; path = "View+rootViewController.swift"; sourceTree = "<group>"; };
		258681BF2C849FE3000905E2 /* Info.plist */ = {isa = PBXFileReference; lastKnownFileType = text.plist; path = Info.plist; sourceTree = "<group>"; };
		258681C02C84A07D000905E2 /* Config.xcconfig */ = {isa = PBXFileReference; lastKnownFileType = text.xcconfig; path = Config.xcconfig; sourceTree = "<group>"; };
		258681C22C84A0E1000905E2 /* Router.swift */ = {isa = PBXFileReference; lastKnownFileType = sourcecode.swift; path = Router.swift; sourceTree = "<group>"; };
		258681C72C84A35D000905E2 /* UserDefaultsType.swift */ = {isa = PBXFileReference; lastKnownFileType = sourcecode.swift; path = UserDefaultsType.swift; sourceTree = "<group>"; };
		258681CE2C84A726000905E2 /* AppState.swift */ = {isa = PBXFileReference; lastKnownFileType = sourcecode.swift; path = AppState.swift; sourceTree = "<group>"; };
		258681D02C8527D0000905E2 /* AuthService.swift */ = {isa = PBXFileReference; lastKnownFileType = sourcecode.swift; path = AuthService.swift; sourceTree = "<group>"; };
		258681D32C8527FC000905E2 /* Models.swift */ = {isa = PBXFileReference; lastKnownFileType = sourcecode.swift; path = Models.swift; sourceTree = "<group>"; };
		258681D62C85286C000905E2 /* EndpointExt.swift */ = {isa = PBXFileReference; lastKnownFileType = sourcecode.swift; path = EndpointExt.swift; sourceTree = "<group>"; };
		258681D92C852901000905E2 /* Result.swift */ = {isa = PBXFileReference; lastKnownFileType = sourcecode.swift; path = Result.swift; sourceTree = "<group>"; };
		258681DB2C852935000905E2 /* ResponseProtocol.swift */ = {isa = PBXFileReference; lastKnownFileType = sourcecode.swift; path = ResponseProtocol.swift; sourceTree = "<group>"; };
		258681DD2C852961000905E2 /* BaseRes.swift */ = {isa = PBXFileReference; lastKnownFileType = sourcecode.swift; path = BaseRes.swift; sourceTree = "<group>"; };
		258681E02C8529BA000905E2 /* Service.swift */ = {isa = PBXFileReference; lastKnownFileType = sourcecode.swift; path = Service.swift; sourceTree = "<group>"; };
		258681E22C852A06000905E2 /* BaseVoidRes.swift */ = {isa = PBXFileReference; lastKnownFileType = sourcecode.swift; path = BaseVoidRes.swift; sourceTree = "<group>"; };
		258681E42C852A0D000905E2 /* ErrorRes.swift */ = {isa = PBXFileReference; lastKnownFileType = sourcecode.swift; path = ErrorRes.swift; sourceTree = "<group>"; };
		258681E62C852D59000905E2 /* SignInObservable.swift */ = {isa = PBXFileReference; lastKnownFileType = sourcecode.swift; path = SignInObservable.swift; sourceTree = "<group>"; };
		258681EB2C852DD0000905E2 /* BaseObservable.swift */ = {isa = PBXFileReference; lastKnownFileType = sourcecode.swift; path = BaseObservable.swift; sourceTree = "<group>"; };
/* End PBXFileReference section */

/* Begin PBXFrameworksBuildPhase section */
		258681932C849CC9000905E2 /* Frameworks */ = {
			isa = PBXFrameworksBuildPhase;
			buildActionMask = 2147483647;
			files = (
				258681CC2C84A463000905E2 /* SignKit in Frameworks */,
				258681BA2C849E3B000905E2 /* GoogleSignInSwift in Frameworks */,
				258681AD2C849D15000905E2 /* MyMoya in Frameworks */,
				258681B82C849E3B000905E2 /* GoogleSignIn in Frameworks */,
				258681AF2C849D15000905E2 /* MyShared in Frameworks */,
				258681AB2C849D15000905E2 /* MyDesignSystem in Frameworks */,
			);
			runOnlyForDeploymentPostprocessing = 0;
		};
/* End PBXFrameworksBuildPhase section */

/* Begin PBXGroup section */
		2586818D2C849CC9000905E2 = {
			isa = PBXGroup;
			children = (
				258681982C849CC9000905E2 /* Booster-iOS */,
				258681972C849CC9000905E2 /* Products */,
			);
			sourceTree = "<group>";
		};
		258681972C849CC9000905E2 /* Products */ = {
			isa = PBXGroup;
			children = (
				258681962C849CC9000905E2 /* Booster-iOS.app */,
			);
			name = Products;
			sourceTree = "<group>";
		};
		258681982C849CC9000905E2 /* Booster-iOS */ = {
			isa = PBXGroup;
			children = (
				258681BF2C849FE3000905E2 /* Info.plist */,
				258681BB2C849EB2000905E2 /* Shared */,
				258681A72C849CD3000905E2 /* Application */,
				258681A82C849CD8000905E2 /* Feature */,
				258681C42C84A348000905E2 /* Data */,
				2586819D2C849CCC000905E2 /* Assets.xcassets */,
				2586819F2C849CCC000905E2 /* Preview Content */,
				258681C02C84A07D000905E2 /* Config.xcconfig */,
			);
			path = "Booster-iOS";
			sourceTree = "<group>";
		};
		2586819F2C849CCC000905E2 /* Preview Content */ = {
			isa = PBXGroup;
			children = (
				258681A02C849CCC000905E2 /* Preview Assets.xcassets */,
			);
			path = "Preview Content";
			sourceTree = "<group>";
		};
		258681A72C849CD3000905E2 /* Application */ = {
			isa = PBXGroup;
			children = (
				258681992C849CC9000905E2 /* Booster_iOSApp.swift */,
				258681CD2C84A71D000905E2 /* Observable */,
			);
			path = Application;
			sourceTree = "<group>";
		};
		258681A82C849CD8000905E2 /* Feature */ = {
			isa = PBXGroup;
			children = (
				258681EA2C852DCC000905E2 /* Core */,
				258681B32C849DD4000905E2 /* SignIn */,
				258681B02C849DBD000905E2 /* Main */,
			);
			path = Feature;
			sourceTree = "<group>";
		};
		258681B02C849DBD000905E2 /* Main */ = {
			isa = PBXGroup;
			children = (
				258681B12C849DCA000905E2 /* MainView.swift */,
			);
			path = Main;
			sourceTree = "<group>";
		};
		258681B32C849DD4000905E2 /* SignIn */ = {
			isa = PBXGroup;
			children = (
				258681B42C849DDB000905E2 /* SignInView.swift */,
				258681E62C852D59000905E2 /* SignInObservable.swift */,
			);
			path = SignIn;
			sourceTree = "<group>";
		};
		258681BB2C849EB2000905E2 /* Shared */ = {
			isa = PBXGroup;
			children = (
				258681BC2C849EB8000905E2 /* Extensions */,
			);
			path = Shared;
			sourceTree = "<group>";
		};
		258681BC2C849EB8000905E2 /* Extensions */ = {
			isa = PBXGroup;
			children = (
				258681BD2C849EE5000905E2 /* View+rootViewController.swift */,
			);
			path = Extensions;
			sourceTree = "<group>";
		};
		258681C42C84A348000905E2 /* Data */ = {
			isa = PBXGroup;
			children = (
				258681C62C84A357000905E2 /* Local */,
				258681C52C84A355000905E2 /* Network */,
			);
			path = Data;
			sourceTree = "<group>";
		};
		258681C52C84A355000905E2 /* Network */ = {
			isa = PBXGroup;
			children = (
				258681D82C8528F7000905E2 /* Core */,
				258681D22C8527F5000905E2 /* Auth */,
			);
			path = Network;
			sourceTree = "<group>";
		};
		258681C62C84A357000905E2 /* Local */ = {
			isa = PBXGroup;
			children = (
				258681C72C84A35D000905E2 /* UserDefaultsType.swift */,
			);
			path = Local;
			sourceTree = "<group>";
		};
		258681CD2C84A71D000905E2 /* Observable */ = {
			isa = PBXGroup;
			children = (
				258681C22C84A0E1000905E2 /* Router.swift */,
				258681CE2C84A726000905E2 /* AppState.swift */,
			);
			path = Observable;
			sourceTree = "<group>";
		};
		258681D22C8527F5000905E2 /* Auth */ = {
			isa = PBXGroup;
			children = (
				258681D02C8527D0000905E2 /* AuthService.swift */,
				258681D32C8527FC000905E2 /* Models.swift */,
			);
			path = Auth;
			sourceTree = "<group>";
		};
		258681D52C852867000905E2 /* Extensions */ = {
			isa = PBXGroup;
			children = (
				258681D62C85286C000905E2 /* EndpointExt.swift */,
				258681E02C8529BA000905E2 /* Service.swift */,
			);
			path = Extensions;
			sourceTree = "<group>";
		};
		258681D82C8528F7000905E2 /* Core */ = {
			isa = PBXGroup;
			children = (
				258681D92C852901000905E2 /* Result.swift */,
				258681DF2C852965000905E2 /* Data */,
				258681D52C852867000905E2 /* Extensions */,
				258681DB2C852935000905E2 /* ResponseProtocol.swift */,
			);
			path = Core;
			sourceTree = "<group>";
		};
		258681DF2C852965000905E2 /* Data */ = {
			isa = PBXGroup;
			children = (
				258681DD2C852961000905E2 /* BaseRes.swift */,
				258681E22C852A06000905E2 /* BaseVoidRes.swift */,
				258681E42C852A0D000905E2 /* ErrorRes.swift */,
			);
			path = Data;
			sourceTree = "<group>";
		};
		258681EA2C852DCC000905E2 /* Core */ = {
			isa = PBXGroup;
			children = (
				258681EB2C852DD0000905E2 /* BaseObservable.swift */,
			);
			path = Core;
			sourceTree = "<group>";
		};
/* End PBXGroup section */

/* Begin PBXNativeTarget section */
		258681952C849CC9000905E2 /* Booster-iOS */ = {
			isa = PBXNativeTarget;
			buildConfigurationList = 258681A42C849CCC000905E2 /* Build configuration list for PBXNativeTarget "Booster-iOS" */;
			buildPhases = (
				258681922C849CC9000905E2 /* Sources */,
				258681932C849CC9000905E2 /* Frameworks */,
				258681942C849CC9000905E2 /* Resources */,
			);
			buildRules = (
			);
			dependencies = (
			);
			name = "Booster-iOS";
			packageProductDependencies = (
				258681AA2C849D15000905E2 /* MyDesignSystem */,
				258681AC2C849D15000905E2 /* MyMoya */,
				258681AE2C849D15000905E2 /* MyShared */,
				258681B72C849E3B000905E2 /* GoogleSignIn */,
				258681B92C849E3B000905E2 /* GoogleSignInSwift */,
				258681CB2C84A463000905E2 /* SignKit */,
			);
			productName = "Booster-iOS";
			productReference = 258681962C849CC9000905E2 /* Booster-iOS.app */;
			productType = "com.apple.product-type.application";
		};
/* End PBXNativeTarget section */

/* Begin PBXProject section */
		2586818E2C849CC9000905E2 /* Project object */ = {
			isa = PBXProject;
			attributes = {
				BuildIndependentTargetsInParallel = 1;
				LastSwiftUpdateCheck = 1540;
				LastUpgradeCheck = 1540;
				TargetAttributes = {
					258681952C849CC9000905E2 = {
						CreatedOnToolsVersion = 15.4;
					};
				};
			};
			buildConfigurationList = 258681912C849CC9000905E2 /* Build configuration list for PBXProject "Booster-iOS" */;
			compatibilityVersion = "Xcode 14.0";
			developmentRegion = en;
			hasScannedForEncodings = 0;
			knownRegions = (
				en,
				Base,
			);
			mainGroup = 2586818D2C849CC9000905E2;
			packageReferences = (
				258681A92C849D15000905E2 /* XCRemoteSwiftPackageReference "my-ios-kit" */,
				258681B62C849E3B000905E2 /* XCRemoteSwiftPackageReference "GoogleSignIn-iOS" */,
				258681CA2C84A463000905E2 /* XCRemoteSwiftPackageReference "SignKit" */,
			);
			productRefGroup = 258681972C849CC9000905E2 /* Products */;
			projectDirPath = "";
			projectRoot = "";
			targets = (
				258681952C849CC9000905E2 /* Booster-iOS */,
			);
		};
/* End PBXProject section */

/* Begin PBXResourcesBuildPhase section */
		258681942C849CC9000905E2 /* Resources */ = {
			isa = PBXResourcesBuildPhase;
			buildActionMask = 2147483647;
			files = (
				258681A12C849CCC000905E2 /* Preview Assets.xcassets in Resources */,
				2586819E2C849CCC000905E2 /* Assets.xcassets in Resources */,
			);
			runOnlyForDeploymentPostprocessing = 0;
		};
/* End PBXResourcesBuildPhase section */

/* Begin PBXSourcesBuildPhase section */
		258681922C849CC9000905E2 /* Sources */ = {
			isa = PBXSourcesBuildPhase;
			buildActionMask = 2147483647;
			files = (
				258681B22C849DCA000905E2 /* MainView.swift in Sources */,
				258681E32C852A06000905E2 /* BaseVoidRes.swift in Sources */,
				258681E12C8529BA000905E2 /* Service.swift in Sources */,
				258681B52C849DDB000905E2 /* SignInView.swift in Sources */,
				258681CF2C84A726000905E2 /* AppState.swift in Sources */,
				258681E72C852D59000905E2 /* SignInObservable.swift in Sources */,
				258681C82C84A35D000905E2 /* UserDefaultsType.swift in Sources */,
				258681BE2C849EE5000905E2 /* View+rootViewController.swift in Sources */,
				258681C32C84A0E1000905E2 /* Router.swift in Sources */,
				258681DE2C852961000905E2 /* BaseRes.swift in Sources */,
				258681DC2C852935000905E2 /* ResponseProtocol.swift in Sources */,
				258681D72C85286C000905E2 /* EndpointExt.swift in Sources */,
				2586819A2C849CC9000905E2 /* Booster_iOSApp.swift in Sources */,
				258681D42C8527FC000905E2 /* Models.swift in Sources */,
				258681E52C852A0D000905E2 /* ErrorRes.swift in Sources */,
				258681EC2C852DD0000905E2 /* BaseObservable.swift in Sources */,
				258681D12C8527D0000905E2 /* AuthService.swift in Sources */,
				258681DA2C852901000905E2 /* Result.swift in Sources */,
			);
			runOnlyForDeploymentPostprocessing = 0;
		};
/* End PBXSourcesBuildPhase section */

/* Begin XCBuildConfiguration section */
		258681A22C849CCC000905E2 /* Debug */ = {
			isa = XCBuildConfiguration;
			baseConfigurationReference = 258681C02C84A07D000905E2 /* Config.xcconfig */;
			buildSettings = {
				ALWAYS_SEARCH_USER_PATHS = NO;
				ASSETCATALOG_COMPILER_GENERATE_SWIFT_ASSET_SYMBOL_EXTENSIONS = YES;
				CLANG_ANALYZER_NONNULL = YES;
				CLANG_ANALYZER_NUMBER_OBJECT_CONVERSION = YES_AGGRESSIVE;
				CLANG_CXX_LANGUAGE_STANDARD = "gnu++20";
				CLANG_ENABLE_MODULES = YES;
				CLANG_ENABLE_OBJC_ARC = YES;
				CLANG_ENABLE_OBJC_WEAK = YES;
				CLANG_WARN_BLOCK_CAPTURE_AUTORELEASING = YES;
				CLANG_WARN_BOOL_CONVERSION = YES;
				CLANG_WARN_COMMA = YES;
				CLANG_WARN_CONSTANT_CONVERSION = YES;
				CLANG_WARN_DEPRECATED_OBJC_IMPLEMENTATIONS = YES;
				CLANG_WARN_DIRECT_OBJC_ISA_USAGE = YES_ERROR;
				CLANG_WARN_DOCUMENTATION_COMMENTS = YES;
				CLANG_WARN_EMPTY_BODY = YES;
				CLANG_WARN_ENUM_CONVERSION = YES;
				CLANG_WARN_INFINITE_RECURSION = YES;
				CLANG_WARN_INT_CONVERSION = YES;
				CLANG_WARN_NON_LITERAL_NULL_CONVERSION = YES;
				CLANG_WARN_OBJC_IMPLICIT_RETAIN_SELF = YES;
				CLANG_WARN_OBJC_LITERAL_CONVERSION = YES;
				CLANG_WARN_OBJC_ROOT_CLASS = YES_ERROR;
				CLANG_WARN_QUOTED_INCLUDE_IN_FRAMEWORK_HEADER = YES;
				CLANG_WARN_RANGE_LOOP_ANALYSIS = YES;
				CLANG_WARN_STRICT_PROTOTYPES = YES;
				CLANG_WARN_SUSPICIOUS_MOVE = YES;
				CLANG_WARN_UNGUARDED_AVAILABILITY = YES_AGGRESSIVE;
				CLANG_WARN_UNREACHABLE_CODE = YES;
				CLANG_WARN__DUPLICATE_METHOD_MATCH = YES;
				COPY_PHASE_STRIP = NO;
				DEBUG_INFORMATION_FORMAT = dwarf;
				ENABLE_STRICT_OBJC_MSGSEND = YES;
				ENABLE_TESTABILITY = YES;
				ENABLE_USER_SCRIPT_SANDBOXING = YES;
				GCC_C_LANGUAGE_STANDARD = gnu17;
				GCC_DYNAMIC_NO_PIC = NO;
				GCC_NO_COMMON_BLOCKS = YES;
				GCC_OPTIMIZATION_LEVEL = 0;
				GCC_PREPROCESSOR_DEFINITIONS = (
					"DEBUG=1",
					"$(inherited)",
				);
				GCC_WARN_64_TO_32_BIT_CONVERSION = YES;
				GCC_WARN_ABOUT_RETURN_TYPE = YES_ERROR;
				GCC_WARN_UNDECLARED_SELECTOR = YES;
				GCC_WARN_UNINITIALIZED_AUTOS = YES_AGGRESSIVE;
				GCC_WARN_UNUSED_FUNCTION = YES;
				GCC_WARN_UNUSED_VARIABLE = YES;
				IPHONEOS_DEPLOYMENT_TARGET = 17.5;
				LOCALIZATION_PREFERS_STRING_CATALOGS = YES;
				MTL_ENABLE_DEBUG_INFO = INCLUDE_SOURCE;
				MTL_FAST_MATH = YES;
				ONLY_ACTIVE_ARCH = YES;
				SDKROOT = iphoneos;
				SWIFT_ACTIVE_COMPILATION_CONDITIONS = "DEBUG $(inherited)";
				SWIFT_OPTIMIZATION_LEVEL = "-Onone";
			};
			name = Debug;
		};
		258681A32C849CCC000905E2 /* Release */ = {
			isa = XCBuildConfiguration;
			baseConfigurationReference = 258681C02C84A07D000905E2 /* Config.xcconfig */;
			buildSettings = {
				ALWAYS_SEARCH_USER_PATHS = NO;
				ASSETCATALOG_COMPILER_GENERATE_SWIFT_ASSET_SYMBOL_EXTENSIONS = YES;
				CLANG_ANALYZER_NONNULL = YES;
				CLANG_ANALYZER_NUMBER_OBJECT_CONVERSION = YES_AGGRESSIVE;
				CLANG_CXX_LANGUAGE_STANDARD = "gnu++20";
				CLANG_ENABLE_MODULES = YES;
				CLANG_ENABLE_OBJC_ARC = YES;
				CLANG_ENABLE_OBJC_WEAK = YES;
				CLANG_WARN_BLOCK_CAPTURE_AUTORELEASING = YES;
				CLANG_WARN_BOOL_CONVERSION = YES;
				CLANG_WARN_COMMA = YES;
				CLANG_WARN_CONSTANT_CONVERSION = YES;
				CLANG_WARN_DEPRECATED_OBJC_IMPLEMENTATIONS = YES;
				CLANG_WARN_DIRECT_OBJC_ISA_USAGE = YES_ERROR;
				CLANG_WARN_DOCUMENTATION_COMMENTS = YES;
				CLANG_WARN_EMPTY_BODY = YES;
				CLANG_WARN_ENUM_CONVERSION = YES;
				CLANG_WARN_INFINITE_RECURSION = YES;
				CLANG_WARN_INT_CONVERSION = YES;
				CLANG_WARN_NON_LITERAL_NULL_CONVERSION = YES;
				CLANG_WARN_OBJC_IMPLICIT_RETAIN_SELF = YES;
				CLANG_WARN_OBJC_LITERAL_CONVERSION = YES;
				CLANG_WARN_OBJC_ROOT_CLASS = YES_ERROR;
				CLANG_WARN_QUOTED_INCLUDE_IN_FRAMEWORK_HEADER = YES;
				CLANG_WARN_RANGE_LOOP_ANALYSIS = YES;
				CLANG_WARN_STRICT_PROTOTYPES = YES;
				CLANG_WARN_SUSPICIOUS_MOVE = YES;
				CLANG_WARN_UNGUARDED_AVAILABILITY = YES_AGGRESSIVE;
				CLANG_WARN_UNREACHABLE_CODE = YES;
				CLANG_WARN__DUPLICATE_METHOD_MATCH = YES;
				COPY_PHASE_STRIP = NO;
				DEBUG_INFORMATION_FORMAT = "dwarf-with-dsym";
				ENABLE_NS_ASSERTIONS = NO;
				ENABLE_STRICT_OBJC_MSGSEND = YES;
				ENABLE_USER_SCRIPT_SANDBOXING = YES;
				GCC_C_LANGUAGE_STANDARD = gnu17;
				GCC_NO_COMMON_BLOCKS = YES;
				GCC_WARN_64_TO_32_BIT_CONVERSION = YES;
				GCC_WARN_ABOUT_RETURN_TYPE = YES_ERROR;
				GCC_WARN_UNDECLARED_SELECTOR = YES;
				GCC_WARN_UNINITIALIZED_AUTOS = YES_AGGRESSIVE;
				GCC_WARN_UNUSED_FUNCTION = YES;
				GCC_WARN_UNUSED_VARIABLE = YES;
				IPHONEOS_DEPLOYMENT_TARGET = 17.5;
				LOCALIZATION_PREFERS_STRING_CATALOGS = YES;
				MTL_ENABLE_DEBUG_INFO = NO;
				MTL_FAST_MATH = YES;
				SDKROOT = iphoneos;
				SWIFT_COMPILATION_MODE = wholemodule;
				VALIDATE_PRODUCT = YES;
			};
			name = Release;
		};
		258681A52C849CCC000905E2 /* Debug */ = {
			isa = XCBuildConfiguration;
			baseConfigurationReference = 258681C02C84A07D000905E2 /* Config.xcconfig */;
			buildSettings = {
				ASSETCATALOG_COMPILER_APPICON_NAME = AppIcon;
				ASSETCATALOG_COMPILER_GLOBAL_ACCENT_COLOR_NAME = AccentColor;
				CODE_SIGN_ENTITLEMENTS = "Booster-iOS/Booster-iOS.entitlements";
				CODE_SIGN_STYLE = Automatic;
				CURRENT_PROJECT_VERSION = 1;
				DEVELOPMENT_ASSET_PATHS = "\"Booster-iOS/Preview Content\"";
				DEVELOPMENT_TEAM = B42SPPS3PR;
				ENABLE_PREVIEWS = YES;
				GENERATE_INFOPLIST_FILE = YES;
				INFOPLIST_FILE = "Booster-iOS/Info.plist";
				INFOPLIST_KEY_CFBundleDisplayName = "부스터";
				INFOPLIST_KEY_UIApplicationSceneManifest_Generation = YES;
				INFOPLIST_KEY_UIApplicationSupportsIndirectInputEvents = YES;
				INFOPLIST_KEY_UILaunchScreen_Generation = YES;
				INFOPLIST_KEY_UISupportedInterfaceOrientations_iPad = "UIInterfaceOrientationPortrait UIInterfaceOrientationPortraitUpsideDown UIInterfaceOrientationLandscapeLeft UIInterfaceOrientationLandscapeRight";
				INFOPLIST_KEY_UISupportedInterfaceOrientations_iPhone = "UIInterfaceOrientationPortrait UIInterfaceOrientationLandscapeLeft UIInterfaceOrientationLandscapeRight";
				IPHONEOS_DEPLOYMENT_TARGET = 16.4;
				LD_RUNPATH_SEARCH_PATHS = (
					"$(inherited)",
					"@executable_path/Frameworks",
				);
				MARKETING_VERSION = 1.0;
				PRODUCT_BUNDLE_IDENTIFIER = com.hhhello0507.booster;
				PRODUCT_NAME = "$(TARGET_NAME)";
				SWIFT_EMIT_LOC_STRINGS = YES;
				SWIFT_VERSION = 5.0;
				TARGETED_DEVICE_FAMILY = "1,2";
			};
			name = Debug;
		};
		258681A62C849CCC000905E2 /* Release */ = {
			isa = XCBuildConfiguration;
			baseConfigurationReference = 258681C02C84A07D000905E2 /* Config.xcconfig */;
			buildSettings = {
				ASSETCATALOG_COMPILER_APPICON_NAME = AppIcon;
				ASSETCATALOG_COMPILER_GLOBAL_ACCENT_COLOR_NAME = AccentColor;
				CODE_SIGN_ENTITLEMENTS = "Booster-iOS/Booster-iOS.entitlements";
				CODE_SIGN_STYLE = Automatic;
				CURRENT_PROJECT_VERSION = 1;
				DEVELOPMENT_ASSET_PATHS = "\"Booster-iOS/Preview Content\"";
				DEVELOPMENT_TEAM = B42SPPS3PR;
				ENABLE_PREVIEWS = YES;
				GENERATE_INFOPLIST_FILE = YES;
				INFOPLIST_FILE = "Booster-iOS/Info.plist";
				INFOPLIST_KEY_CFBundleDisplayName = "부스터";
				INFOPLIST_KEY_UIApplicationSceneManifest_Generation = YES;
				INFOPLIST_KEY_UIApplicationSupportsIndirectInputEvents = YES;
				INFOPLIST_KEY_UILaunchScreen_Generation = YES;
				INFOPLIST_KEY_UISupportedInterfaceOrientations_iPad = "UIInterfaceOrientationPortrait UIInterfaceOrientationPortraitUpsideDown UIInterfaceOrientationLandscapeLeft UIInterfaceOrientationLandscapeRight";
				INFOPLIST_KEY_UISupportedInterfaceOrientations_iPhone = "UIInterfaceOrientationPortrait UIInterfaceOrientationLandscapeLeft UIInterfaceOrientationLandscapeRight";
				IPHONEOS_DEPLOYMENT_TARGET = 16.4;
				LD_RUNPATH_SEARCH_PATHS = (
					"$(inherited)",
					"@executable_path/Frameworks",
				);
				MARKETING_VERSION = 1.0;
				PRODUCT_BUNDLE_IDENTIFIER = com.hhhello0507.booster;
				PRODUCT_NAME = "$(TARGET_NAME)";
				SWIFT_EMIT_LOC_STRINGS = YES;
				SWIFT_VERSION = 5.0;
				TARGETED_DEVICE_FAMILY = "1,2";
			};
			name = Release;
		};
/* End XCBuildConfiguration section */

/* Begin XCConfigurationList section */
		258681912C849CC9000905E2 /* Build configuration list for PBXProject "Booster-iOS" */ = {
			isa = XCConfigurationList;
			buildConfigurations = (
				258681A22C849CCC000905E2 /* Debug */,
				258681A32C849CCC000905E2 /* Release */,
			);
			defaultConfigurationIsVisible = 0;
			defaultConfigurationName = Release;
		};
		258681A42C849CCC000905E2 /* Build configuration list for PBXNativeTarget "Booster-iOS" */ = {
			isa = XCConfigurationList;
			buildConfigurations = (
				258681A52C849CCC000905E2 /* Debug */,
				258681A62C849CCC000905E2 /* Release */,
			);
			defaultConfigurationIsVisible = 0;
			defaultConfigurationName = Release;
		};
/* End XCConfigurationList section */

/* Begin XCRemoteSwiftPackageReference section */
		258681A92C849D15000905E2 /* XCRemoteSwiftPackageReference "my-ios-kit" */ = {
			isa = XCRemoteSwiftPackageReference;
			repositoryURL = "https://github.com/hhhello0507/my-ios-kit";
			requirement = {
				kind = upToNextMajorVersion;
				minimumVersion = 1.5.6;
			};
		};
		258681B62C849E3B000905E2 /* XCRemoteSwiftPackageReference "GoogleSignIn-iOS" */ = {
			isa = XCRemoteSwiftPackageReference;
			repositoryURL = "https://github.com/google/GoogleSignIn-iOS";
			requirement = {
				kind = upToNextMajorVersion;
				minimumVersion = 8.0.0;
			};
		};
		258681CA2C84A463000905E2 /* XCRemoteSwiftPackageReference "SignKit" */ = {
			isa = XCRemoteSwiftPackageReference;
			repositoryURL = "https://github.com/hhhello0507/SignKit";
			requirement = {
				branch = main;
				kind = branch;
			};
		};
/* End XCRemoteSwiftPackageReference section */

/* Begin XCSwiftPackageProductDependency section */
		258681AA2C849D15000905E2 /* MyDesignSystem */ = {
			isa = XCSwiftPackageProductDependency;
			package = 258681A92C849D15000905E2 /* XCRemoteSwiftPackageReference "my-ios-kit" */;
			productName = MyDesignSystem;
		};
		258681AC2C849D15000905E2 /* MyMoya */ = {
			isa = XCSwiftPackageProductDependency;
			package = 258681A92C849D15000905E2 /* XCRemoteSwiftPackageReference "my-ios-kit" */;
			productName = MyMoya;
		};
		258681AE2C849D15000905E2 /* MyShared */ = {
			isa = XCSwiftPackageProductDependency;
			package = 258681A92C849D15000905E2 /* XCRemoteSwiftPackageReference "my-ios-kit" */;
			productName = MyShared;
		};
		258681B72C849E3B000905E2 /* GoogleSignIn */ = {
			isa = XCSwiftPackageProductDependency;
			package = 258681B62C849E3B000905E2 /* XCRemoteSwiftPackageReference "GoogleSignIn-iOS" */;
			productName = GoogleSignIn;
		};
		258681B92C849E3B000905E2 /* GoogleSignInSwift */ = {
			isa = XCSwiftPackageProductDependency;
			package = 258681B62C849E3B000905E2 /* XCRemoteSwiftPackageReference "GoogleSignIn-iOS" */;
			productName = GoogleSignInSwift;
		};
		258681CB2C84A463000905E2 /* SignKit */ = {
			isa = XCSwiftPackageProductDependency;
			package = 258681CA2C84A463000905E2 /* XCRemoteSwiftPackageReference "SignKit" */;
			productName = SignKit;
		};
/* End XCSwiftPackageProductDependency section */
	};
	rootObject = 2586818E2C849CC9000905E2 /* Project object */;
}
